{
  "pins" : [
    {
      "identity" : "bigint",
      "kind" : "remoteSourceControl",
      "location" : "https://github.com/attaswift/BigInt.git",
      "state" : {
        "revision" : "0ed110f7555c34ff468e72e1686e59721f2b0da6",
        "version" : "5.3.0"
      }
    },
    {
      "identity" : "bigintextensions",
      "kind" : "remoteSourceControl",
      "location" : "https://github.com/anquii/BigIntExtensions.git",
      "state" : {
        "revision" : "1d960373cc9817e0949ab7c7d7719b62bcaf09c7",
        "version" : "0.1.0"
      }
    },
    {
      "identity" : "binaryextensions",
      "kind" : "remoteSourceControl",
      "location" : "https://github.com/anquii/BinaryExtensions.git",
      "state" : {
        "revision" : "ab9c034ab6d6a578fa0e574ef8c1b8d117b8bfc9",
        "version" : "0.1.1"
      }
    }
  ],
  "version" : 2
}
